
Microsoft Visual Studio Solution File, Format Version 12.00
# Visual Studio Version 17
VisualStudioVersion = 17.14.37328.6 d17.14
MinimumVisualStudioVersion = 10.0.40219.1
Project("{FAE04EC0-301F-11D3-BF4B-00C04F79EFBC}") = "FitNexusDashboard", "FitNexusDashboard.csproj", "{5A82B217-3EB8-123F-4B8E-1C761E20847E}"
EndProject
Global
	GlobalSection(SolutionConfigurationPlatforms) = preSolution
		Debug|Any CPU = Debug|Any CPU
		Release|Any CPU = Release|Any CPU
	EndGlobalSection
	GlobalSection(ProjectConfigurationPlatforms) = postSolution
		{5A82B217-3EB8-123F-4B8E-1C761E20847E}.Debug|Any CPU.ActiveCfg = Debug|Any CPU
		{5A82B217-3EB8-123F-4B8E-1C761E20847E}.Debug|Any CPU.Build.0 = Debug|Any CPU
		{5A82B217-3EB8-123F-4B8E-1C761E20847E}.Release|Any CPU.ActiveCfg = Release|Any CPU
		{5A82B217-3EB8-123F-4B8E-1C761E20847E}.Release|Any CPU.Build.0 = Release|Any CPU
	EndGlobalSection
	GlobalSection(SolutionProperties) = preSolution
		HideSolutionNode = FALSE
	EndGlobalSection
	GlobalSection(ExtensibilityGlobals) = postSolution
		SolutionGuid = {D11586CF-0AA9-4DBB-BD6F-CCA0AAB6419D}
	EndGlobalSection
EndGlobal
